
Microsoft Visual Studio Solution File, Format Version 12.00
# Visual Studio 15
VisualStudioVersion = 15.0.27703.2042
MinimumVisualStudioVersion = 10.0.40219.1
Project("{FAE04EC0-301F-11D3-BF4B-00C04F79EFBC}") = "TextbookSubscription.ViewModels", "TextbookSubscription.ViewModels\TextbookSubscription.ViewModels.csproj", "{E90BD2FA-796E-46C6-AD7E-A47F84941146}"
EndProject
Project("{FAE04EC0-301F-11D3-BF4B-00C04F79EFBC}") = "TextbookSubscription.IApplication", "TextbookSubscription.IApplication\TextbookSubscription.IApplication.csproj", "{E00E2716-3BA3-4E22-BC32-50EDCEDD88A9}"
EndProject
Project("{FAE04EC0-301F-11D3-BF4B-00C04F79EFBC}") = "TextbookSubscription.Application", "TextbookSubscription.Application\TextbookSubscription.Application.csproj", "{7097212D-FA39-4F7D-AF7E-A2C545B0C52E}"
EndProject
Project("{FAE04EC0-301F-11D3-BF4B-00C04F79EFBC}") = "TextbookSubscription.Domain", "TextbookSubscription.Domain\TextbookSubscription.Domain.csproj", "{C3468B9D-0B6A-4A03-A60E-C9BE1589BCDD}"
EndProject
Project("{FAE04EC0-301F-11D3-BF4B-00C04F79EFBC}") = "TextbookSubscription.RepositoryTests", "TextbookSubsciption.RepositoryTests\TextbookSubscription.RepositoryTests.csproj", "{CF22EFF4-8A7A-49EC-A602-9CB596F9FF73}"
EndProject
Project("{FAE04EC0-301F-11D3-BF4B-00C04F79EFBC}") = "TextbookManage.WebUI", "TextbookManage.WebUI\TextbookManage.WebUI.csproj", "{931413E7-2EF4-468C-911F-37D655B8184B}"
EndProject
Project("{FAE04EC0-301F-11D3-BF4B-00C04F79EFBC}") = "TextbookSubscription.Infrastructure", "TextbookSubscription.Infrastructure\TextbookSubscription.Infrastructure.csproj", "{E901854E-A721-4E21-98E9-AF2C963CF07B}"
EndProject
Project("{FAE04EC0-301F-11D3-BF4B-00C04F79EFBC}") = "TextbookSubscription.Repository", "TextbookSubscription.Repository\TextbookSubscription.Repository.csproj", "{E47FCF34-A2E6-4C3F-A190-89CB80FB2A1F}"
EndProject
Global
	GlobalSection(SolutionConfigurationPlatforms) = preSolution
		Debug|Any CPU = Debug|Any CPU
		Release|Any CPU = Release|Any CPU
	EndGlobalSection
	GlobalSection(ProjectConfigurationPlatforms) = postSolution
		{E90BD2FA-796E-46C6-AD7E-A47F84941146}.Debug|Any CPU.ActiveCfg = Debug|Any CPU
		{E90BD2FA-796E-46C6-AD7E-A47F84941146}.Debug|Any CPU.Build.0 = Debug|Any CPU
		{E90BD2FA-796E-46C6-AD7E-A47F84941146}.Release|Any CPU.ActiveCfg = Release|Any CPU
		{E90BD2FA-796E-46C6-AD7E-A47F84941146}.Release|Any CPU.Build.0 = Release|Any CPU
		{E00E2716-3BA3-4E22-BC32-50EDCEDD88A9}.Debug|Any CPU.ActiveCfg = Debug|Any CPU
		{E00E2716-3BA3-4E22-BC32-50EDCEDD88A9}.Debug|Any CPU.Build.0 = Debug|Any CPU
		{E00E2716-3BA3-4E22-BC32-50EDCEDD88A9}.Release|Any CPU.ActiveCfg = Release|Any CPU
		{E00E2716-3BA3-4E22-BC32-50EDCEDD88A9}.Release|Any CPU.Build.0 = Release|Any CPU
		{7097212D-FA39-4F7D-AF7E-A2C545B0C52E}.Debug|Any CPU.ActiveCfg = Debug|Any CPU
		{7097212D-FA39-4F7D-AF7E-A2C545B0C52E}.Debug|Any CPU.Build.0 = Debug|Any CPU
		{7097212D-FA39-4F7D-AF7E-A2C545B0C52E}.Release|Any CPU.ActiveCfg = Release|Any CPU
		{7097212D-FA39-4F7D-AF7E-A2C545B0C52E}.Release|Any CPU.Build.0 = Release|Any CPU
		{C3468B9D-0B6A-4A03-A60E-C9BE1589BCDD}.Debug|Any CPU.ActiveCfg = Debug|Any CPU
		{C3468B9D-0B6A-4A03-A60E-C9BE1589BCDD}.Debug|Any CPU.Build.0 = Debug|Any CPU
		{C3468B9D-0B6A-4A03-A60E-C9BE1589BCDD}.Release|Any CPU.ActiveCfg = Release|Any CPU
		{C3468B9D-0B6A-4A03-A60E-C9BE1589BCDD}.Release|Any CPU.Build.0 = Release|Any CPU
		{CF22EFF4-8A7A-49EC-A602-9CB596F9FF73}.Debug|Any CPU.ActiveCfg = Debug|Any CPU
		{CF22EFF4-8A7A-49EC-A602-9CB596F9FF73}.Debug|Any CPU.Build.0 = Debug|Any CPU
		{CF22EFF4-8A7A-49EC-A602-9CB596F9FF73}.Release|Any CPU.ActiveCfg = Release|Any CPU
		{CF22EFF4-8A7A-49EC-A602-9CB596F9FF73}.Release|Any CPU.Build.0 = Release|Any CPU
		{931413E7-2EF4-468C-911F-37D655B8184B}.Debug|Any CPU.ActiveCfg = Debug|Any CPU
		{931413E7-2EF4-468C-911F-37D655B8184B}.Debug|Any CPU.Build.0 = Debug|Any CPU
		{931413E7-2EF4-468C-911F-37D655B8184B}.Release|Any CPU.ActiveCfg = Release|Any CPU
		{931413E7-2EF4-468C-911F-37D655B8184B}.Release|Any CPU.Build.0 = Release|Any CPU
		{E901854E-A721-4E21-98E9-AF2C963CF07B}.Debug|Any CPU.ActiveCfg = Debug|Any CPU
		{E901854E-A721-4E21-98E9-AF2C963CF07B}.Debug|Any CPU.Build.0 = Debug|Any CPU
		{E901854E-A721-4E21-98E9-AF2C963CF07B}.Release|Any CPU.ActiveCfg = Release|Any CPU
		{E901854E-A721-4E21-98E9-AF2C963CF07B}.Release|Any CPU.Build.0 = Release|Any CPU
		{E47FCF34-A2E6-4C3F-A190-89CB80FB2A1F}.Debug|Any CPU.ActiveCfg = Debug|Any CPU
		{E47FCF34-A2E6-4C3F-A190-89CB80FB2A1F}.Debug|Any CPU.Build.0 = Debug|Any CPU
		{E47FCF34-A2E6-4C3F-A190-89CB80FB2A1F}.Release|Any CPU.ActiveCfg = Release|Any CPU
		{E47FCF34-A2E6-4C3F-A190-89CB80FB2A1F}.Release|Any CPU.Build.0 = Release|Any CPU
	EndGlobalSection
	GlobalSection(SolutionProperties) = preSolution
		HideSolutionNode = FALSE
	EndGlobalSection
	GlobalSection(ExtensibilityGlobals) = postSolution
		SolutionGuid = {74BA692A-3425-4551-B6D9-07D1BF134788}
	EndGlobalSection
EndGlobal
